github.com/BenLubar/htmlcleaner v3.1.0+incompatible h1:dHx3BRCrpzF+4GotadSNOX0DGOrrERLLz2dLAiTVsyU=
github.com/BenLubar/htmlcleaner v3.1.0+incompatible/go.mod h1:dZEqZ46SXWKXw6n3JegFvFT7ECWyYWh4i3yLBMSSY8s=
github.com/benlubar/htmlcleaner v3.1.0+incompatible h1:2ikDQZKyU1km/l4xP8MU9L19m1+obIYdmPJsDQK8NZw=
github.com/benlubar/htmlcleaner v3.1.0+incompatible/go.mod h1:KUhcf+XKPcaw47O61QLQ1dj1UHK29kQrUY0zU6AWPCc=
github.com/gorilla/mux v1.8.1 h1:TuBL49tXwgrFYWhqrNgrUNEY92u81SPhu7sTdzQEiWY=
github.com/gorilla/mux v1.8.1/go.mod h1:AKf9I4AEqPTmMytcMc0KkNouC66V3BtZ4qD5fmWSiMQ=
golang.org/x/net v0.20.0 h1:aCL9BSgETF1k+blQaYUBx9hJ9LOGP3gAVemcZlf1Kpo=
golang.org/x/net v0.20.0/go.mod h1:z8BVo6PvndSri0LbOE3hAn0apkU+1YvI6E70E9jsnvY=
